
Microsoft Visual Studio Solution File, Format Version 12.00
# Visual Studio 14
VisualStudioVersion = 14.0.25420.1
MinimumVisualStudioVersion = 10.0.40219.1
Project("{FAE04EC0-301F-11D3-BF4B-00C04F79EFBC}") = "TeduShop.Common", "TeduShop.Common\TeduShop.Common.csproj", "{39B6B5DC-32BC-43D1-BE78-67EC82977070}"
EndProject
Project("{FAE04EC0-301F-11D3-BF4B-00C04F79EFBC}") = "TeduShop.Data", "TeduShop.Data\TeduShop.Data.csproj", "{3745661A-CF5A-458B-9CE8-AE6B3BF8D7D1}"
EndProject
Project("{FAE04EC0-301F-11D3-BF4B-00C04F79EFBC}") = "TeduShop.Model", "TeduShop.Model\TeduShop.Model.csproj", "{0CE3EB27-3117-42DB-94B0-7A965D24719B}"
EndProject
Project("{FAE04EC0-301F-11D3-BF4B-00C04F79EFBC}") = "TeduShop.Service", "TeduShop.Service\TeduShop.Service.csproj", "{419E529B-BBC7-4B13-8775-850BB3025822}"
EndProject
Project("{FAE04EC0-301F-11D3-BF4B-00C04F79EFBC}") = "TeduShop.UnitTest", "TeduShop.UnitTest\TeduShop.UnitTest.csproj", "{F59ABE4C-E8A2-444F-B6C8-22EE056AAB67}"
EndProject
Project("{FAE04EC0-301F-11D3-BF4B-00C04F79EFBC}") = "TeduShop.Web", "TeduShop.Web\TeduShop.Web.csproj", "{9AEA1C3C-9C39-4003-AA50-882602AB5861}"
EndProject
Global
	GlobalSection(SolutionConfigurationPlatforms) = preSolution
		Debug|Any CPU = Debug|Any CPU
		Release|Any CPU = Release|Any CPU
	EndGlobalSection
	GlobalSection(ProjectConfigurationPlatforms) = postSolution
		{39B6B5DC-32BC-43D1-BE78-67EC82977070}.Debug|Any CPU.ActiveCfg = Debug|Any CPU
		{39B6B5DC-32BC-43D1-BE78-67EC82977070}.Debug|Any CPU.Build.0 = Debug|Any CPU
		{39B6B5DC-32BC-43D1-BE78-67EC82977070}.Release|Any CPU.ActiveCfg = Release|Any CPU
		{39B6B5DC-32BC-43D1-BE78-67EC82977070}.Release|Any CPU.Build.0 = Release|Any CPU
		{3745661A-CF5A-458B-9CE8-AE6B3BF8D7D1}.Debug|Any CPU.ActiveCfg = Debug|Any CPU
		{3745661A-CF5A-458B-9CE8-AE6B3BF8D7D1}.Debug|Any CPU.Build.0 = Debug|Any CPU
		{3745661A-CF5A-458B-9CE8-AE6B3BF8D7D1}.Release|Any CPU.ActiveCfg = Release|Any CPU
		{3745661A-CF5A-458B-9CE8-AE6B3BF8D7D1}.Release|Any CPU.Build.0 = Release|Any CPU
		{0CE3EB27-3117-42DB-94B0-7A965D24719B}.Debug|Any CPU.ActiveCfg = Debug|Any CPU
		{0CE3EB27-3117-42DB-94B0-7A965D24719B}.Debug|Any CPU.Build.0 = Debug|Any CPU
		{0CE3EB27-3117-42DB-94B0-7A965D24719B}.Release|Any CPU.ActiveCfg = Release|Any CPU
		{0CE3EB27-3117-42DB-94B0-7A965D24719B}.Release|Any CPU.Build.0 = Release|Any CPU
		{419E529B-BBC7-4B13-8775-850BB3025822}.Debug|Any CPU.ActiveCfg = Debug|Any CPU
		{419E529B-BBC7-4B13-8775-850BB3025822}.Debug|Any CPU.Build.0 = Debug|Any CPU
		{419E529B-BBC7-4B13-8775-850BB3025822}.Release|Any CPU.ActiveCfg = Release|Any CPU
		{419E529B-BBC7-4B13-8775-850BB3025822}.Release|Any CPU.Build.0 = Release|Any CPU
		{F59ABE4C-E8A2-444F-B6C8-22EE056AAB67}.Debug|Any CPU.ActiveCfg = Debug|Any CPU
		{F59ABE4C-E8A2-444F-B6C8-22EE056AAB67}.Debug|Any CPU.Build.0 = Debug|Any CPU
		{F59ABE4C-E8A2-444F-B6C8-22EE056AAB67}.Release|Any CPU.ActiveCfg = Release|Any CPU
		{F59ABE4C-E8A2-444F-B6C8-22EE056AAB67}.Release|Any CPU.Build.0 = Release|Any CPU
		{9AEA1C3C-9C39-4003-AA50-882602AB5861}.Debug|Any CPU.ActiveCfg = Debug|Any CPU
		{9AEA1C3C-9C39-4003-AA50-882602AB5861}.Debug|Any CPU.Build.0 = Debug|Any CPU
		{9AEA1C3C-9C39-4003-AA50-882602AB5861}.Release|Any CPU.ActiveCfg = Release|Any CPU
		{9AEA1C3C-9C39-4003-AA50-882602AB5861}.Release|Any CPU.Build.0 = Release|Any CPU
	EndGlobalSection
	GlobalSection(SolutionProperties) = preSolution
		HideSolutionNode = FALSE
	EndGlobalSection
EndGlobal
